
Microsoft Visual Studio Solution File, Format Version 12.00
# Visual Studio Version 17
VisualStudioVersion = 17.2.32526.322
MinimumVisualStudioVersion = 10.0.40219.1
Project("{FAE04EC0-301F-11D3-BF4B-00C04F79EFBC}") = "WFA220603", "WFA220603.csproj", "{77DCCB35-AC56-4467-9FEA-00149DE98C5C}"
EndProject
Global
	GlobalSection(SolutionConfigurationPlatforms) = preSolution
		Debug|Any CPU = Debug|Any CPU
		Release|Any CPU = Release|Any CPU
	EndGlobalSection
	GlobalSection(ProjectConfigurationPlatforms) = postSolution
		{77DCCB35-AC56-4467-9FEA-00149DE98C5C}.Debug|Any CPU.ActiveCfg = Debug|Any CPU
		{77DCCB35-AC56-4467-9FEA-00149DE98C5C}.Debug|Any CPU.Build.0 = Debug|Any CPU
		{77DCCB35-AC56-4467-9FEA-00149DE98C5C}.Release|Any CPU.ActiveCfg = Release|Any CPU
		{77DCCB35-AC56-4467-9FEA-00149DE98C5C}.Release|Any CPU.Build.0 = Release|Any CPU
	EndGlobalSection
	GlobalSection(SolutionProperties) = preSolution
		HideSolutionNode = FALSE
	EndGlobalSection
	GlobalSection(ExtensibilityGlobals) = postSolution
		SolutionGuid = {3C7DA092-AD47-45FB-B032-177172DE6171}
	EndGlobalSection
EndGlobal
